
Microsoft Visual Studio Solution File, Format Version 12.00
# Visual Studio Version 17
VisualStudioVersion = 17.6.33815.320
MinimumVisualStudioVersion = 10.0.40219.1
Project("{9A19103F-16F7-4668-BE54-9A1E7A4F7556}") = "OdeToFood", "OdeToFood\OdeToFood.csproj", "{7E6131A3-DA94-44B2-9987-059E13AA2D8A}"
EndProject
Project("{9A19103F-16F7-4668-BE54-9A1E7A4F7556}") = "OdeToFood.Core", "OdeToFood.Core\OdeToFood.Core.csproj", "{2BD3036E-335B-4BA3-85D9-464032BCBBA2}"
EndProject
Project("{9A19103F-16F7-4668-BE54-9A1E7A4F7556}") = "OdeToFood.Data", "OdeToFood.Data\OdeToFood.Data.csproj", "{69E579E7-4063-4D95-9A26-7F8FD4DBEC85}"
EndProject
Global
	GlobalSection(SolutionConfigurationPlatforms) = preSolution
		Debug|Any CPU = Debug|Any CPU
		Release|Any CPU = Release|Any CPU
	EndGlobalSection
	GlobalSection(ProjectConfigurationPlatforms) = postSolution
		{7E6131A3-DA94-44B2-9987-059E13AA2D8A}.Debug|Any CPU.ActiveCfg = Debug|Any CPU
		{7E6131A3-DA94-44B2-9987-059E13AA2D8A}.Debug|Any CPU.Build.0 = Debug|Any CPU
		{7E6131A3-DA94-44B2-9987-059E13AA2D8A}.Release|Any CPU.ActiveCfg = Release|Any CPU
		{7E6131A3-DA94-44B2-9987-059E13AA2D8A}.Release|Any CPU.Build.0 = Release|Any CPU
		{2BD3036E-335B-4BA3-85D9-464032BCBBA2}.Debug|Any CPU.ActiveCfg = Debug|Any CPU
		{2BD3036E-335B-4BA3-85D9-464032BCBBA2}.Debug|Any CPU.Build.0 = Debug|Any CPU
		{2BD3036E-335B-4BA3-85D9-464032BCBBA2}.Release|Any CPU.ActiveCfg = Release|Any CPU
		{2BD3036E-335B-4BA3-85D9-464032BCBBA2}.Release|Any CPU.Build.0 = Release|Any CPU
		{69E579E7-4063-4D95-9A26-7F8FD4DBEC85}.Debug|Any CPU.ActiveCfg = Debug|Any CPU
		{69E579E7-4063-4D95-9A26-7F8FD4DBEC85}.Debug|Any CPU.Build.0 = Debug|Any CPU
		{69E579E7-4063-4D95-9A26-7F8FD4DBEC85}.Release|Any CPU.ActiveCfg = Release|Any CPU
		{69E579E7-4063-4D95-9A26-7F8FD4DBEC85}.Release|Any CPU.Build.0 = Release|Any CPU
	EndGlobalSection
	GlobalSection(SolutionProperties) = preSolution
		HideSolutionNode = FALSE
	EndGlobalSection
	GlobalSection(ExtensibilityGlobals) = postSolution
		SolutionGuid = {01BEDD88-EAD3-4AE2-BBF5-2D0462944D5D}
	EndGlobalSection
EndGlobal
